Microsoft Visual Studio Solution File, Format Version 12.00
# Visual Studio Version 17
VisualStudioVersion = 17.13.35919.96
MinimumVisualStudioVersion = 10.0.40219.1
Project("{FAE04EC0-301F-11D3-BF4B-00C04F79EFBC}") = "InventoryAPI", "InventoryAPI.csproj", "{BCC461F1-A49B-4384-BD77-F591BED8E882}"
EndProject
Project("{FAE04EC0-301F-11D3-BF4B-00C04F79EFBC}") = "UserRegister", "..\UserRegister\UserRegister.csproj", "{155D2970-425B-4BCB-8D83-B315EE47352C}"
EndProject
Global
	GlobalSection(SolutionConfigurationPlatforms) = preSolution
		Debug|Any CPU = Debug|Any CPU
		Release|Any CPU = Release|Any CPU
	EndGlobalSection
	GlobalSection(ProjectConfigurationPlatforms) = postSolution
		{BCC461F1-A49B-4384-BD77-F591BED8E882}.Debug|Any CPU.ActiveCfg = Debug|Any CPU
		{BCC461F1-A49B-4384-BD77-F591BED8E882}.Debug|Any CPU.Build.0 = Debug|Any CPU
		{BCC461F1-A49B-4384-BD77-F591BED8E882}.Release|Any CPU.ActiveCfg = Release|Any CPU
		{BCC461F1-A49B-4384-BD77-F591BED8E882}.Release|Any CPU.Build.0 = Release|Any CPU
		{155D2970-425B-4BCB-8D83-B315EE47352C}.Debug|Any CPU.ActiveCfg = Debug|Any CPU
		{155D2970-425B-4BCB-8D83-B315EE47352C}.Debug|Any CPU.Build.0 = Debug|Any CPU
		{155D2970-425B-4BCB-8D83-B315EE47352C}.Release|Any CPU.ActiveCfg = Release|Any CPU
		{155D2970-425B-4BCB-8D83-B315EE47352C}.Release|Any CPU.Build.0 = Release|Any CPU
	EndGlobalSection
	GlobalSection(SolutionProperties) = preSolution
		HideSolutionNode = FALSE
	EndGlobalSection
	GlobalSection(ExtensibilityGlobals) = postSolution
		SolutionGuid = {B5FF8AEC-C5B2-42B8-95DF-7B624EA6435D}
	EndGlobalSection
EndGlobal
