Microsoft Visual Studio Solution File, Format Version 12.00
# Visual Studio Version 17
VisualStudioVersion = 17.0.31903.59
MinimumVisualStudioVersion = 10.0.40219.1
Project("{FAE04EC0-301F-11D3-BF4B-00C04F79EFBC}") = "HomeStock.Windows", "HomeStock.Windows\HomeStock.Windows.csproj", "{DDE77F15-1828-4787-9B5C-ED48469A7EF0}"
EndProject
Project("{FAE04EC0-301F-11D3-BF4B-00C04F79EFBC}") = "HomeStock.Windows.Tests", "HomeStock.Windows.Tests\HomeStock.Windows.Tests.csproj", "{F634FD1B-5B43-4610-8739-51473FE768E3}"
EndProject
Global
	GlobalSection(SolutionConfigurationPlatforms) = preSolution
		Debug|Any CPU = Debug|Any CPU
		Release|Any CPU = Release|Any CPU
	EndGlobalSection
	GlobalSection(ProjectConfigurationPlatforms) = postSolution
		{DDE77F15-1828-4787-9B5C-ED48469A7EF0}.Debug|Any CPU.ActiveCfg = Debug|Any CPU
		{DDE77F15-1828-4787-9B5C-ED48469A7EF0}.Debug|Any CPU.Build.0 = Debug|Any CPU
		{DDE77F15-1828-4787-9B5C-ED48469A7EF0}.Release|Any CPU.ActiveCfg = Release|Any CPU
		{DDE77F15-1828-4787-9B5C-ED48469A7EF0}.Release|Any CPU.Build.0 = Release|Any CPU
		{F634FD1B-5B43-4610-8739-51473FE768E3}.Debug|Any CPU.ActiveCfg = Debug|Any CPU
		{F634FD1B-5B43-4610-8739-51473FE768E3}.Debug|Any CPU.Build.0 = Debug|Any CPU
		{F634FD1B-5B43-4610-8739-51473FE768E3}.Release|Any CPU.ActiveCfg = Release|Any CPU
		{F634FD1B-5B43-4610-8739-51473FE768E3}.Release|Any CPU.Build.0 = Release|Any CPU
	EndGlobalSection
EndGlobal
